
Microsoft Visual Studio Solution File, Format Version 12.00
# Visual Studio Version 17
VisualStudioVersion = 17.11.35312.102
MinimumVisualStudioVersion = 10.0.40219.1
Project("{FAE04EC0-301F-11D3-BF4B-00C04F79EFBC}") = "01_MainSubjects", "01_MainSubjects\01_MainSubjects.csproj", "{CC89B2D7-A783-4665-958E-E533063E6631}"
EndProject
Project("{FAE04EC0-301F-11D3-BF4B-00C04F79EFBC}") = "02_Variables", "02_Variables\02_Variables.csproj", "{7D4BB4B2-3603-436F-B9FD-59B459E162EA}"
EndProject
Project("{FAE04EC0-301F-11D3-BF4B-00C04F79EFBC}") = "03_MakingDecision", "03_MakingDecision\03_MakingDecision.csproj", "{3FAAAF77-B4D7-4559-80A1-BAAC94A84788}"
EndProject
Project("{FAE04EC0-301F-11D3-BF4B-00C04F79EFBC}") = "04_Loops", "04_Loops\04_Loops.csproj", "{CD0F3CDA-C385-4717-9046-6E43FA0A3EAA}"
EndProject
Project("{FAE04EC0-301F-11D3-BF4B-00C04F79EFBC}") = "05_LoopsWithStars", "05_LoopsWithStars\05_LoopsWithStars.csproj", "{81AB5EB3-4832-4D97-A2D6-3311C3452B3B}"
EndProject
Project("{FAE04EC0-301F-11D3-BF4B-00C04F79EFBC}") = "06_Arrays", "06_Arrays\06_Arrays.csproj", "{C2F91DE5-1CD0-40CA-9378-002BAB1B4BCC}"
EndProject
Project("{FAE04EC0-301F-11D3-BF4B-00C04F79EFBC}") = "07_ForeachLoop", "07_ForeachLoop\07_ForeachLoop.csproj", "{FB6D5EB6-F1B0-49FB-AD96-6D395E10315C}"
EndProject
Global
	GlobalSection(SolutionConfigurationPlatforms) = preSolution
		Debug|Any CPU = Debug|Any CPU
		Release|Any CPU = Release|Any CPU
	EndGlobalSection
	GlobalSection(ProjectConfigurationPlatforms) = postSolution
		{CC89B2D7-A783-4665-958E-E533063E6631}.Debug|Any CPU.ActiveCfg = Debug|Any CPU
		{CC89B2D7-A783-4665-958E-E533063E6631}.Debug|Any CPU.Build.0 = Debug|Any CPU
		{CC89B2D7-A783-4665-958E-E533063E6631}.Release|Any CPU.ActiveCfg = Release|Any CPU
		{CC89B2D7-A783-4665-958E-E533063E6631}.Release|Any CPU.Build.0 = Release|Any CPU
		{7D4BB4B2-3603-436F-B9FD-59B459E162EA}.Debug|Any CPU.ActiveCfg = Debug|Any CPU
		{7D4BB4B2-3603-436F-B9FD-59B459E162EA}.Debug|Any CPU.Build.0 = Debug|Any CPU
		{7D4BB4B2-3603-436F-B9FD-59B459E162EA}.Release|Any CPU.ActiveCfg = Release|Any CPU
		{7D4BB4B2-3603-436F-B9FD-59B459E162EA}.Release|Any CPU.Build.0 = Release|Any CPU
		{3FAAAF77-B4D7-4559-80A1-BAAC94A84788}.Debug|Any CPU.ActiveCfg = Debug|Any CPU
		{3FAAAF77-B4D7-4559-80A1-BAAC94A84788}.Debug|Any CPU.Build.0 = Debug|Any CPU
		{3FAAAF77-B4D7-4559-80A1-BAAC94A84788}.Release|Any CPU.ActiveCfg = Release|Any CPU
		{3FAAAF77-B4D7-4559-80A1-BAAC94A84788}.Release|Any CPU.Build.0 = Release|Any CPU
		{CD0F3CDA-C385-4717-9046-6E43FA0A3EAA}.Debug|Any CPU.ActiveCfg = Debug|Any CPU
		{CD0F3CDA-C385-4717-9046-6E43FA0A3EAA}.Debug|Any CPU.Build.0 = Debug|Any CPU
		{CD0F3CDA-C385-4717-9046-6E43FA0A3EAA}.Release|Any CPU.ActiveCfg = Release|Any CPU
		{CD0F3CDA-C385-4717-9046-6E43FA0A3EAA}.Release|Any CPU.Build.0 = Release|Any CPU
		{81AB5EB3-4832-4D97-A2D6-3311C3452B3B}.Debug|Any CPU.ActiveCfg = Debug|Any CPU
		{81AB5EB3-4832-4D97-A2D6-3311C3452B3B}.Debug|Any CPU.Build.0 = Debug|Any CPU
		{81AB5EB3-4832-4D97-A2D6-3311C3452B3B}.Release|Any CPU.ActiveCfg = Release|Any CPU
		{81AB5EB3-4832-4D97-A2D6-3311C3452B3B}.Release|Any CPU.Build.0 = Release|Any CPU
		{C2F91DE5-1CD0-40CA-9378-002BAB1B4BCC}.Debug|Any CPU.ActiveCfg = Debug|Any CPU
		{C2F91DE5-1CD0-40CA-9378-002BAB1B4BCC}.Debug|Any CPU.Build.0 = Debug|Any CPU
		{C2F91DE5-1CD0-40CA-9378-002BAB1B4BCC}.Release|Any CPU.ActiveCfg = Release|Any CPU
		{C2F91DE5-1CD0-40CA-9378-002BAB1B4BCC}.Release|Any CPU.Build.0 = Release|Any CPU
		{FB6D5EB6-F1B0-49FB-AD96-6D395E10315C}.Debug|Any CPU.ActiveCfg = Debug|Any CPU
		{FB6D5EB6-F1B0-49FB-AD96-6D395E10315C}.Debug|Any CPU.Build.0 = Debug|Any CPU
		{FB6D5EB6-F1B0-49FB-AD96-6D395E10315C}.Release|Any CPU.ActiveCfg = Release|Any CPU
		{FB6D5EB6-F1B0-49FB-AD96-6D395E10315C}.Release|Any CPU.Build.0 = Release|Any CPU
	EndGlobalSection
	GlobalSection(SolutionProperties) = preSolution
		HideSolutionNode = FALSE
	EndGlobalSection
	GlobalSection(ExtensibilityGlobals) = postSolution
		SolutionGuid = {E78C2CE5-B8B8-49F0-BE1D-D25F60367271}
	EndGlobalSection
EndGlobal
